{
  "name": "ospoint",
  "version": "0.1.1",
  "dependencies": {
    "chai": {
      "version": "1.8.0",
      "from": "chai@",
      "dependencies": {
        "assertion-error": {
          "version": "1.0.0",
          "from": "assertion-error@1.0.0"
        },
        "deep-eql": {
          "version": "0.1.2",
          "from": "deep-eql@0.1.2",
          "dependencies": {
            "type-detect": {
              "version": "0.1.0",
              "from": "type-detect@0.1.0"
            }
          }
        }
      }
    },
    "mocha": {
      "version": "1.9.0",
      "from": "mocha@1.9.x",
      "resolved": "https://registry.npmjs.org/mocha/-/mocha-1.9.0.tgz",
      "dependencies": {
        "commander": {
          "version": "0.6.1",
          "from": "commander@0.6.1",
          "resolved": "https://registry.npmjs.org/commander/-/commander-0.6.1.tgz"
        },
        "growl": {
          "version": "1.7.0",
          "from": "growl@1.7.x",
          "resolved": "https://registry.npmjs.org/growl/-/growl-1.7.0.tgz"
        },
        "jade": {
          "version": "0.26.3",
          "from": "jade@0.26.3",
          "resolved": "https://registry.npmjs.org/jade/-/jade-0.26.3.tgz",
          "dependencies": {
            "mkdirp": {
              "version": "0.3.0",
              "from": "mkdirp@0.3.0",
              "resolved": "https://registry.npmjs.org/mkdirp/-/mkdirp-0.3.0.tgz"
            }
          }
        },
        "diff": {
          "version": "1.0.2",
          "from": "diff@1.0.2",
          "resolved": "https://registry.npmjs.org/diff/-/diff-1.0.2.tgz"
        },
        "debug": {
          "version": "0.7.2",
          "from": "debug@*",
          "resolved": "https://registry.npmjs.org/debug/-/debug-0.7.2.tgz"
        },
        "mkdirp": {
          "version": "0.3.3",
          "from": "mkdirp@0.3.3",
          "resolved": "https://registry.npmjs.org/mkdirp/-/mkdirp-0.3.3.tgz"
        },
        "ms": {
          "version": "0.3.0",
          "from": "ms@0.3.0",
          "resolved": "https://registry.npmjs.org/ms/-/ms-0.3.0.tgz"
        }
      }
    }
  }
}
